
Microsoft Visual Studio Solution File, Format Version 12.00
# Visual Studio 14
VisualStudioVersion = 14.0.23107.0
MinimumVisualStudioVersion = 10.0.40219.1
Project("{FAE04EC0-301F-11D3-BF4B-00C04F79EFBC}") = "ObjParserNet.Core", "Src\ObjParserNet.Core\ObjParserNet.Core.csproj", "{BED99F2C-9E8C-4986-9E90-7DDE7BF1194E}"
EndProject
Project("{FAE04EC0-301F-11D3-BF4B-00C04F79EFBC}") = "ObjParserNet.Parser", "Src\ObjParserNet.Parser\ObjParserNet.Parser.csproj", "{A7765FED-FFFC-4900-91EC-F79BC69EA5B9}"
EndProject
Project("{2150E333-8FDC-42A3-9474-1A3956D46DE8}") = "Tests", "Tests", "{C5ED213A-7098-48C2-AB02-C942F7E5E942}"
EndProject
Project("{FAE04EC0-301F-11D3-BF4B-00C04F79EFBC}") = "ObjParserNet.Core.Tests", "Src\Tests\ObjParserNet.Core.Tests\ObjParserNet.Core.Tests.csproj", "{1A2A4114-F352-440F-9F98-71A776C04B4C}"
EndProject
Global
	GlobalSection(SolutionConfigurationPlatforms) = preSolution
		Debug|Any CPU = Debug|Any CPU
		Release|Any CPU = Release|Any CPU
	EndGlobalSection
	GlobalSection(ProjectConfigurationPlatforms) = postSolution
		{BED99F2C-9E8C-4986-9E90-7DDE7BF1194E}.Debug|Any CPU.ActiveCfg = Debug|Any CPU
		{BED99F2C-9E8C-4986-9E90-7DDE7BF1194E}.Debug|Any CPU.Build.0 = Debug|Any CPU
		{BED99F2C-9E8C-4986-9E90-7DDE7BF1194E}.Release|Any CPU.ActiveCfg = Release|Any CPU
		{BED99F2C-9E8C-4986-9E90-7DDE7BF1194E}.Release|Any CPU.Build.0 = Release|Any CPU
		{A7765FED-FFFC-4900-91EC-F79BC69EA5B9}.Debug|Any CPU.ActiveCfg = Debug|Any CPU
		{A7765FED-FFFC-4900-91EC-F79BC69EA5B9}.Debug|Any CPU.Build.0 = Debug|Any CPU
		{A7765FED-FFFC-4900-91EC-F79BC69EA5B9}.Release|Any CPU.ActiveCfg = Release|Any CPU
		{A7765FED-FFFC-4900-91EC-F79BC69EA5B9}.Release|Any CPU.Build.0 = Release|Any CPU
		{1A2A4114-F352-440F-9F98-71A776C04B4C}.Debug|Any CPU.ActiveCfg = Debug|Any CPU
		{1A2A4114-F352-440F-9F98-71A776C04B4C}.Debug|Any CPU.Build.0 = Debug|Any CPU
		{1A2A4114-F352-440F-9F98-71A776C04B4C}.Release|Any CPU.ActiveCfg = Release|Any CPU
		{1A2A4114-F352-440F-9F98-71A776C04B4C}.Release|Any CPU.Build.0 = Release|Any CPU
	EndGlobalSection
	GlobalSection(SolutionProperties) = preSolution
		HideSolutionNode = FALSE
	EndGlobalSection
	GlobalSection(NestedProjects) = preSolution
		{1A2A4114-F352-440F-9F98-71A776C04B4C} = {C5ED213A-7098-48C2-AB02-C942F7E5E942}
	EndGlobalSection
EndGlobal
